
Microsoft Visual Studio Solution File, Format Version 12.00
# Visual Studio 15
VisualStudioVersion = 15.0.28307.329
MinimumVisualStudioVersion = 10.0.40219.1
Project("{FAE04EC0-301F-11D3-BF4B-00C04F79EFBC}") = "CarShop", "CarShop\CarShop.csproj", "{BF955CF0-87A6-406B-83B5-8AB7EF6FD4D7}"
EndProject
Project("{FAE04EC0-301F-11D3-BF4B-00C04F79EFBC}") = "ServiceDLL", "ServiceDLL\ServiceDLL.csproj", "{8B7A8E26-E9E5-4C07-9F7F-09E563B8804E}"
EndProject
Project("{FAE04EC0-301F-11D3-BF4B-00C04F79EFBC}") = "System.Data.SQLite.EF6.Migrations", "System.Data.SQLite.EF6.Migrations\System.Data.SQLite.EF6.Migrations.csproj", "{DD9C2E7E-FA47-4D9B-817A-9BA51233B7E8}"
EndProject
Global
	GlobalSection(SolutionConfigurationPlatforms) = preSolution
		Debug|Any CPU = Debug|Any CPU
		Release|Any CPU = Release|Any CPU
	EndGlobalSection
	GlobalSection(ProjectConfigurationPlatforms) = postSolution
		{BF955CF0-87A6-406B-83B5-8AB7EF6FD4D7}.Debug|Any CPU.ActiveCfg = Debug|Any CPU
		{BF955CF0-87A6-406B-83B5-8AB7EF6FD4D7}.Debug|Any CPU.Build.0 = Debug|Any CPU
		{BF955CF0-87A6-406B-83B5-8AB7EF6FD4D7}.Release|Any CPU.ActiveCfg = Release|Any CPU
		{BF955CF0-87A6-406B-83B5-8AB7EF6FD4D7}.Release|Any CPU.Build.0 = Release|Any CPU
		{8B7A8E26-E9E5-4C07-9F7F-09E563B8804E}.Debug|Any CPU.ActiveCfg = Debug|Any CPU
		{8B7A8E26-E9E5-4C07-9F7F-09E563B8804E}.Debug|Any CPU.Build.0 = Debug|Any CPU
		{8B7A8E26-E9E5-4C07-9F7F-09E563B8804E}.Release|Any CPU.ActiveCfg = Release|Any CPU
		{8B7A8E26-E9E5-4C07-9F7F-09E563B8804E}.Release|Any CPU.Build.0 = Release|Any CPU
		{DD9C2E7E-FA47-4D9B-817A-9BA51233B7E8}.Debug|Any CPU.ActiveCfg = Debug|Any CPU
		{DD9C2E7E-FA47-4D9B-817A-9BA51233B7E8}.Debug|Any CPU.Build.0 = Debug|Any CPU
		{DD9C2E7E-FA47-4D9B-817A-9BA51233B7E8}.Release|Any CPU.ActiveCfg = Release|Any CPU
		{DD9C2E7E-FA47-4D9B-817A-9BA51233B7E8}.Release|Any CPU.Build.0 = Release|Any CPU
	EndGlobalSection
	GlobalSection(SolutionProperties) = preSolution
		HideSolutionNode = FALSE
	EndGlobalSection
	GlobalSection(ExtensibilityGlobals) = postSolution
		SolutionGuid = {E00590C3-8111-4C79-82FD-4755C851F853}
	EndGlobalSection
EndGlobal
